
Microsoft Visual Studio Solution File, Format Version 12.00
# Visual Studio Version 17
VisualStudioVersion = 17.14.36221.1
MinimumVisualStudioVersion = 10.0.40219.1
Project("{2150E333-8FDC-42A3-9474-1A3956D46DE8}") = "src", "src", "{02EA681E-C7D8-13C7-8484-4AC65E1B71E8}"
EndProject
Project("{2150E333-8FDC-42A3-9474-1A3956D46DE8}") = "API", "API", "{6A4B3EA8-60AD-4DA7-83E6-9F4A113D7E92}"
EndProject
Project("{2150E333-8FDC-42A3-9474-1A3956D46DE8}") = "Common", "Common", "{E5B766C1-1AFA-4B2C-8EB9-FC7FA326AB31}"
EndProject
Project("{2150E333-8FDC-42A3-9474-1A3956D46DE8}") = "Core", "Core", "{0E83EACB-2553-412F-BA01-629EBB6C8833}"
EndProject
Project("{2150E333-8FDC-42A3-9474-1A3956D46DE8}") = "Infrastructure", "Infrastructure", "{C07995CB-E0B8-45DE-8626-91BECA75AC60}"
EndProject
Project("{FAE04EC0-301F-11D3-BF4B-00C04F79EFBC}") = "TSC.Expopunto.Api", "src\TSC.Expopunto.Api\TSC.Expopunto.Api.csproj", "{A3F404EA-3728-49B3-8F10-337C1817F4B5}"
EndProject
Project("{FAE04EC0-301F-11D3-BF4B-00C04F79EFBC}") = "TSC.Expopunto.Common", "src\TSC.Expopunto.Common\TSC.Expopunto.Common.csproj", "{09A905DD-E014-44E5-BAC8-D143B2B75815}"
EndProject
Project("{FAE04EC0-301F-11D3-BF4B-00C04F79EFBC}") = "TSC.Expopunto.Persistence", "src\TSC.Expopunto.Persistence\TSC.Expopunto.Persistence.csproj", "{ED1977D9-3835-4516-98D4-EE64FC5A2CB1}"
EndProject
Project("{FAE04EC0-301F-11D3-BF4B-00C04F79EFBC}") = "TSC.Expopunto.Application", "src\TSC.Expopunto.Application\TSC.Expopunto.Application.csproj", "{0BED6FD7-E569-49D8-BF4F-2A42DAA7835B}"
EndProject
Project("{FAE04EC0-301F-11D3-BF4B-00C04F79EFBC}") = "TSC.Expopunto.Domain", "src\TSC.Expopunto.Domain\TSC.Expopunto.Domain.csproj", "{E6058EC6-2250-4539-BB38-58B6F1F3FC3F}"
EndProject
Project("{FAE04EC0-301F-11D3-BF4B-00C04F79EFBC}") = "TSC.Expopunto.External", "src\TSC.Expopunto.External\TSC.Expopunto.External.csproj", "{7A922C13-4946-4899-8D22-56786AF2AF2B}"
EndProject
Global
	GlobalSection(SolutionConfigurationPlatforms) = preSolution
		Debug|Any CPU = Debug|Any CPU
		Release|Any CPU = Release|Any CPU
	EndGlobalSection
	GlobalSection(ProjectConfigurationPlatforms) = postSolution
		{A3F404EA-3728-49B3-8F10-337C1817F4B5}.Debug|Any CPU.ActiveCfg = Debug|Any CPU
		{A3F404EA-3728-49B3-8F10-337C1817F4B5}.Debug|Any CPU.Build.0 = Debug|Any CPU
		{A3F404EA-3728-49B3-8F10-337C1817F4B5}.Release|Any CPU.ActiveCfg = Release|Any CPU
		{A3F404EA-3728-49B3-8F10-337C1817F4B5}.Release|Any CPU.Build.0 = Release|Any CPU
		{09A905DD-E014-44E5-BAC8-D143B2B75815}.Debug|Any CPU.ActiveCfg = Debug|Any CPU
		{09A905DD-E014-44E5-BAC8-D143B2B75815}.Debug|Any CPU.Build.0 = Debug|Any CPU
		{09A905DD-E014-44E5-BAC8-D143B2B75815}.Release|Any CPU.ActiveCfg = Release|Any CPU
		{09A905DD-E014-44E5-BAC8-D143B2B75815}.Release|Any CPU.Build.0 = Release|Any CPU
		{ED1977D9-3835-4516-98D4-EE64FC5A2CB1}.Debug|Any CPU.ActiveCfg = Debug|Any CPU
		{ED1977D9-3835-4516-98D4-EE64FC5A2CB1}.Debug|Any CPU.Build.0 = Debug|Any CPU
		{ED1977D9-3835-4516-98D4-EE64FC5A2CB1}.Release|Any CPU.ActiveCfg = Release|Any CPU
		{ED1977D9-3835-4516-98D4-EE64FC5A2CB1}.Release|Any CPU.Build.0 = Release|Any CPU
		{0BED6FD7-E569-49D8-BF4F-2A42DAA7835B}.Debug|Any CPU.ActiveCfg = Debug|Any CPU
		{0BED6FD7-E569-49D8-BF4F-2A42DAA7835B}.Debug|Any CPU.Build.0 = Debug|Any CPU
		{0BED6FD7-E569-49D8-BF4F-2A42DAA7835B}.Release|Any CPU.ActiveCfg = Release|Any CPU
		{0BED6FD7-E569-49D8-BF4F-2A42DAA7835B}.Release|Any CPU.Build.0 = Release|Any CPU
		{E6058EC6-2250-4539-BB38-58B6F1F3FC3F}.Debug|Any CPU.ActiveCfg = Debug|Any CPU
		{E6058EC6-2250-4539-BB38-58B6F1F3FC3F}.Debug|Any CPU.Build.0 = Debug|Any CPU
		{E6058EC6-2250-4539-BB38-58B6F1F3FC3F}.Release|Any CPU.ActiveCfg = Release|Any CPU
		{E6058EC6-2250-4539-BB38-58B6F1F3FC3F}.Release|Any CPU.Build.0 = Release|Any CPU
		{7A922C13-4946-4899-8D22-56786AF2AF2B}.Debug|Any CPU.ActiveCfg = Debug|Any CPU
		{7A922C13-4946-4899-8D22-56786AF2AF2B}.Debug|Any CPU.Build.0 = Debug|Any CPU
		{7A922C13-4946-4899-8D22-56786AF2AF2B}.Release|Any CPU.ActiveCfg = Release|Any CPU
		{7A922C13-4946-4899-8D22-56786AF2AF2B}.Release|Any CPU.Build.0 = Release|Any CPU
	EndGlobalSection
	GlobalSection(SolutionProperties) = preSolution
		HideSolutionNode = FALSE
	EndGlobalSection
	GlobalSection(NestedProjects) = preSolution
		{6A4B3EA8-60AD-4DA7-83E6-9F4A113D7E92} = {02EA681E-C7D8-13C7-8484-4AC65E1B71E8}
		{E5B766C1-1AFA-4B2C-8EB9-FC7FA326AB31} = {02EA681E-C7D8-13C7-8484-4AC65E1B71E8}
		{0E83EACB-2553-412F-BA01-629EBB6C8833} = {02EA681E-C7D8-13C7-8484-4AC65E1B71E8}
		{C07995CB-E0B8-45DE-8626-91BECA75AC60} = {02EA681E-C7D8-13C7-8484-4AC65E1B71E8}
		{A3F404EA-3728-49B3-8F10-337C1817F4B5} = {6A4B3EA8-60AD-4DA7-83E6-9F4A113D7E92}
		{09A905DD-E014-44E5-BAC8-D143B2B75815} = {E5B766C1-1AFA-4B2C-8EB9-FC7FA326AB31}
		{ED1977D9-3835-4516-98D4-EE64FC5A2CB1} = {C07995CB-E0B8-45DE-8626-91BECA75AC60}
		{0BED6FD7-E569-49D8-BF4F-2A42DAA7835B} = {0E83EACB-2553-412F-BA01-629EBB6C8833}
		{E6058EC6-2250-4539-BB38-58B6F1F3FC3F} = {0E83EACB-2553-412F-BA01-629EBB6C8833}
		{7A922C13-4946-4899-8D22-56786AF2AF2B} = {C07995CB-E0B8-45DE-8626-91BECA75AC60}
	EndGlobalSection
	GlobalSection(ExtensibilityGlobals) = postSolution
		SolutionGuid = {693A8D52-9823-4AF1-844F-84F552CB7658}
	EndGlobalSection
EndGlobal
